# THIS IS AN AUTOGENERATED FILE. DO NOT EDIT THIS FILE DIRECTLY.
# yarn lockfile v1


"@types/node@*", "@types/node@^17.0.5":
  version "17.0.8"
  resolved "https://registry.yarnpkg.com/@types/node/-/node-17.0.8.tgz#50d680c8a8a78fe30abe6906453b21ad8ab0ad7b"
  integrity sha512-YofkM6fGv4gDJq78g4j0mMuGMkZVxZDgtU0JRdx6FgiJDG+0fY0GKVolOV8WqVmEhLCXkQRjwDdKyPxJp/uucg==

"@types/sax@^1.2.1":
  version "1.2.4"
  resolved "https://registry.yarnpkg.com/@types/sax/-/sax-1.2.4.tgz#8221affa7f4f3cb21abd22f244cfabfa63e6a69e"
  integrity sha512-pSAff4IAxJjfAXUG6tFkO7dsSbTmf8CtUpfhhZ5VhkRpC4628tJhh3+V6H1E+/Gs9piSzYKT5yzHO5M4GG9jkw==
  dependencies:
    "@types/node" "*"

arg@^5.0.0:
  version "5.0.1"
  resolved "https://registry.yarnpkg.com/arg/-/arg-5.0.1.tgz#eb0c9a8f77786cad2af8ff2b862899842d7b6adb"
  integrity sha512-e0hDa9H2Z9AwFkk2qDlwhoMYE4eToKarchkQHovNdLTCYMHZHeRjI71crOh+dio4K6u1IcwubQqo79Ga4CyAQA==

sax@^1.2.4:
  version "1.2.4"
  resolved "https://registry.yarnpkg.com/sax/-/sax-1.2.4.tgz#2816234e2378bddc4e5354fab5caa895df7100d9"
  integrity sha512-NqVDv9TpANUjFm0N8uM5GxL36UgKi9/atZw+x7YFnQ8ckwFGKrl4xX4yWtrey3UJm5nP1kUbnYgLopqWNSRhWw==

sitemap@^7.1.0:
  version "7.1.0"
  resolved "https://registry.yarnpkg.com/sitemap/-/sitemap-7.1.0.tgz#300cd8b3fa9d45fb63f9b56d962785c3cd799362"
  integrity sha512-OctwI2RYFj3Lnoutix0Qhow3AvDoUQ7rsSyzrY8wFKHqXYvmCJXFOBZyVU4/DDtsQ2KnEWY4j4j80hBHBOVEWQ==
  dependencies:
    "@types/node" "^17.0.5"
    "@types/sax" "^1.2.1"
    arg "^5.0.0"
    sax "^1.2.4"
